
Microsoft Visual Studio Solution File, Format Version 12.00
# Visual Studio Version 17
VisualStudioVersion = 17.10.34928.147
MinimumVisualStudioVersion = 10.0.40219.1
Project("{FAE04EC0-301F-11D3-BF4B-00C04F79EFBC}") = "Calculator", "Calculator.csproj", "{36B1C4D7-3021-47EE-9A07-82FA39B475BD}"
EndProject
Global
	GlobalSection(SolutionConfigurationPlatforms) = preSolution
		Debug|Any CPU = Debug|Any CPU
		Release|Any CPU = Release|Any CPU
	EndGlobalSection
	GlobalSection(ProjectConfigurationPlatforms) = postSolution
		{36B1C4D7-3021-47EE-9A07-82FA39B475BD}.Debug|Any CPU.ActiveCfg = Debug|Any CPU
		{36B1C4D7-3021-47EE-9A07-82FA39B475BD}.Debug|Any CPU.Build.0 = Debug|Any CPU
		{36B1C4D7-3021-47EE-9A07-82FA39B475BD}.Release|Any CPU.ActiveCfg = Release|Any CPU
		{36B1C4D7-3021-47EE-9A07-82FA39B475BD}.Release|Any CPU.Build.0 = Release|Any CPU
	EndGlobalSection
	GlobalSection(SolutionProperties) = preSolution
		HideSolutionNode = FALSE
	EndGlobalSection
	GlobalSection(ExtensibilityGlobals) = postSolution
		SolutionGuid = {592DE4BF-0226-43C2-8AC3-198698D54DAB}
	EndGlobalSection
EndGlobal
